# THIS IS AN AUTOGENERATED FILE. DO NOT EDIT THIS FILE DIRECTLY.
# yarn lockfile v1


"@types/node@^18.16.1":
  version "18.16.1"
  resolved "https://registry.yarnpkg.com/@types/node/-/node-18.16.1.tgz#5db121e9c5352925bb1f1b892c4ae620e3526799"
  integrity sha512-DZxSZWXxFfOlx7k7Rv4LAyiMroaxa3Ly/7OOzZO8cBNho0YzAi4qlbrx8W27JGqG57IgR/6J7r+nOJWw6kcvZA==

prettier@2.8.8:
  version "2.8.8"
  resolved "https://registry.yarnpkg.com/prettier/-/prettier-2.8.8.tgz#e8c5d7e98a4305ffe3de2e1fc4aca1a71c28b1da"
  integrity sha512-tdN8qQGvNjw4CHbY+XXk0JgCXn9QiF21a55rBe5LJAU+kDyC4WQn4+awm2Xfk2lQMk5fKup9XgzTZtGkjBdP9Q==

typescript@^5.0.4:
  version "5.0.4"
  resolved "https://registry.yarnpkg.com/typescript/-/typescript-5.0.4.tgz#b217fd20119bd61a94d4011274e0ab369058da3b"
  integrity sha512-cW9T5W9xY37cc+jfEnaUvX91foxtHkza3Nw3wkoF4sSlKn0MONdkdEndig/qPBWXNkmplh3NzayQzCiHM4/hqw==
